Microsoft Visual Studio Solution File, Format Version 11.00
# Visual Studio 2008

Project("{F1D12A71-47B6-EDC9-C2D0-8023E2E37920}") = "oademid_MemoryGame", "Assembly-CSharp.csproj", "{89D1AE9A-1765-AC76-EAEC-C6FE01EB193F}"
EndProject
Global
	GlobalSection(SolutionConfigurationPlatforms) = preSolution
		Debug|Any CPU = Debug|Any CPU
		Release|Any CPU = Release|Any CPU
	EndGlobalSection
	GlobalSection(ProjectConfigurationPlatforms) = postSolution
		{89D1AE9A-1765-AC76-EAEC-C6FE01EB193F}.Debug|Any CPU.ActiveCfg = Debug|Any CPU
		{89D1AE9A-1765-AC76-EAEC-C6FE01EB193F}.Debug|Any CPU.Build.0 = Debug|Any CPU
		{89D1AE9A-1765-AC76-EAEC-C6FE01EB193F}.Release|Any CPU.ActiveCfg = Release|Any CPU
		{89D1AE9A-1765-AC76-EAEC-C6FE01EB193F}.Release|Any CPU.Build.0 = Release|Any CPU
	EndGlobalSection
	GlobalSection(SolutionProperties) = preSolution
		HideSolutionNode = FALSE
	EndGlobalSection
	GlobalSection(MonoDevelopProperties) = preSolution
		StartupItem = Assembly-CSharp.csproj
	EndGlobalSection
EndGlobal
